
Microsoft Visual Studio Solution File, Format Version 12.00
# Visual Studio Version 17
VisualStudioVersion = 17.0.32112.339
MinimumVisualStudioVersion = 10.0.40219.1
Project("{9A19103F-16F7-4668-BE54-9A1E7A4F7556}") = "Logger", "Logger\Logger.csproj", "{C60AE535-675A-4C9B-80BF-CF96CE9579C5}"
EndProject
Project("{9A19103F-16F7-4668-BE54-9A1E7A4F7556}") = "UtilitiesMaster", "..\UtilitiesMaster\UtilitiesMaster\UtilitiesMaster.csproj", "{0C42CCB0-C522-4DC6-A8AB-900609FA6C3B}"
EndProject
Project("{9A19103F-16F7-4668-BE54-9A1E7A4F7556}") = "Logger.Tests", "Logger.Tests\Logger.Tests.csproj", "{955C5202-3551-460F-87D4-0975EE866F39}"
EndProject
Project("{9A19103F-16F7-4668-BE54-9A1E7A4F7556}") = "CloudantDb", "..\CloudantDb\CloudantDb\CloudantDb.csproj", "{CD93E942-8767-43C4-911F-384D96984AD5}"
EndProject
Project("{FAE04EC0-301F-11D3-BF4B-00C04F79EFBC}") = "Logger.Runner", "Logger.Runner\Logger.Runner.csproj", "{730D8823-F414-4861-8B59-BA9E2890C32A}"
EndProject
Global
	GlobalSection(SolutionConfigurationPlatforms) = preSolution
		Debug|Any CPU = Debug|Any CPU
		Release|Any CPU = Release|Any CPU
	EndGlobalSection
	GlobalSection(ProjectConfigurationPlatforms) = postSolution
		{C60AE535-675A-4C9B-80BF-CF96CE9579C5}.Debug|Any CPU.ActiveCfg = Debug|Any CPU
		{C60AE535-675A-4C9B-80BF-CF96CE9579C5}.Debug|Any CPU.Build.0 = Debug|Any CPU
		{C60AE535-675A-4C9B-80BF-CF96CE9579C5}.Release|Any CPU.ActiveCfg = Release|Any CPU
		{C60AE535-675A-4C9B-80BF-CF96CE9579C5}.Release|Any CPU.Build.0 = Release|Any CPU
		{0C42CCB0-C522-4DC6-A8AB-900609FA6C3B}.Debug|Any CPU.ActiveCfg = Debug|Any CPU
		{0C42CCB0-C522-4DC6-A8AB-900609FA6C3B}.Debug|Any CPU.Build.0 = Debug|Any CPU
		{0C42CCB0-C522-4DC6-A8AB-900609FA6C3B}.Release|Any CPU.ActiveCfg = Release|Any CPU
		{0C42CCB0-C522-4DC6-A8AB-900609FA6C3B}.Release|Any CPU.Build.0 = Release|Any CPU
		{955C5202-3551-460F-87D4-0975EE866F39}.Debug|Any CPU.ActiveCfg = Debug|Any CPU
		{955C5202-3551-460F-87D4-0975EE866F39}.Debug|Any CPU.Build.0 = Debug|Any CPU
		{955C5202-3551-460F-87D4-0975EE866F39}.Release|Any CPU.ActiveCfg = Release|Any CPU
		{955C5202-3551-460F-87D4-0975EE866F39}.Release|Any CPU.Build.0 = Release|Any CPU
		{CD93E942-8767-43C4-911F-384D96984AD5}.Debug|Any CPU.ActiveCfg = Debug|Any CPU
		{CD93E942-8767-43C4-911F-384D96984AD5}.Debug|Any CPU.Build.0 = Debug|Any CPU
		{CD93E942-8767-43C4-911F-384D96984AD5}.Release|Any CPU.ActiveCfg = Release|Any CPU
		{CD93E942-8767-43C4-911F-384D96984AD5}.Release|Any CPU.Build.0 = Release|Any CPU
		{730D8823-F414-4861-8B59-BA9E2890C32A}.Debug|Any CPU.ActiveCfg = Debug|Any CPU
		{730D8823-F414-4861-8B59-BA9E2890C32A}.Debug|Any CPU.Build.0 = Debug|Any CPU
		{730D8823-F414-4861-8B59-BA9E2890C32A}.Release|Any CPU.ActiveCfg = Release|Any CPU
		{730D8823-F414-4861-8B59-BA9E2890C32A}.Release|Any CPU.Build.0 = Release|Any CPU
	EndGlobalSection
	GlobalSection(SolutionProperties) = preSolution
		HideSolutionNode = FALSE
	EndGlobalSection
	GlobalSection(ExtensibilityGlobals) = postSolution
		SolutionGuid = {3F7D2376-9D1E-4DCA-95D0-586C117E0F57}
	EndGlobalSection
EndGlobal
